Microsoft Visual Studio Solution File, Format Version 12.00
# Visual Studio Version 16
VisualStudioVersion = 16.0.29519.181
MinimumVisualStudioVersion = 10.0.40219.1
Project("{2150E333-8FDC-42A3-9474-1A3956D46DE8}") = "Test", "Test", "{BDBE8B1D-A745-4FCA-8B65-BE1A7A0DCE04}"
EndProject
Project("{2150E333-8FDC-42A3-9474-1A3956D46DE8}") = "Build", "Build", "{9A82E807-F092-488D-AB1F-79D7ADE622E7}"
	ProjectSection(SolutionItems) = preProject
		Olympus.Shared\GlobalAssemblyInfo.tt = Olympus.Shared\GlobalAssemblyInfo.tt
		paket.dependencies = paket.dependencies
	EndProjectSection
EndProject
Project("{9A19103F-16F7-4668-BE54-9A1E7A4F7556}") = "nGratis.Cop.Olympus.Demo", "Olympus.Demo\nGratis.Cop.Olympus.Demo.csproj", "{DB93E625-5E9E-4726-8C98-A96DCAA6956A}"
EndProject
Project("{9A19103F-16F7-4668-BE54-9A1E7A4F7556}") = "nGratis.Cop.Olympus.Contract", "Olympus.Contract\nGratis.Cop.Olympus.Contract.csproj", "{D889F850-19A5-4BB3-8A60-C4A2C4BF21F4}"
EndProject
Project("{9A19103F-16F7-4668-BE54-9A1E7A4F7556}") = "nGratis.Cop.Olympus.Framework.Support", "Olympus.Framework.Support\nGratis.Cop.Olympus.Framework.Support.csproj", "{ABE37048-538A-40A4-99F0-FEDAB5D87793}"
EndProject
Project("{9A19103F-16F7-4668-BE54-9A1E7A4F7556}") = "nGratis.Cop.Olympus.Framework.QualityAssurance", "Olympus.Framework.QualityAssurance\nGratis.Cop.Olympus.Framework.QualityAssurance.csproj", "{F3E71997-BEF8-4724-97E1-C38286950725}"
EndProject
Project("{9A19103F-16F7-4668-BE54-9A1E7A4F7556}") = "nGratis.Cop.Olympus.Wpf", "Olympus.Wpf\nGratis.Cop.Olympus.Wpf.csproj", "{744AA92F-008E-41FD-B562-12E1C485126B}"
EndProject
Project("{9A19103F-16F7-4668-BE54-9A1E7A4F7556}") = "nGratis.Cop.Olympus.Theme", "Olympus.Theme\nGratis.Cop.Olympus.Theme.csproj", "{F73C70A2-FE84-4ED4-8606-B1559FEBEE69}"
EndProject
Project("{9A19103F-16F7-4668-BE54-9A1E7A4F7556}") = "nGratis.Cop.Olympus.Contract.Test", "Olympus.Contract.Test\nGratis.Cop.Olympus.Contract.Test.csproj", "{7BAC4A8C-E920-4860-B1E4-D4525AA64314}"
EndProject
Project("{9A19103F-16F7-4668-BE54-9A1E7A4F7556}") = "nGratis.Cop.Olympus.Framework.Test", "Olympus.Framework.Test\nGratis.Cop.Olympus.Framework.Test.csproj", "{5014F34E-B16C-4629-9608-BE440436B305}"
EndProject
Global
	GlobalSection(SolutionConfigurationPlatforms) = preSolution
		Debug|Any CPU = Debug|Any CPU
		Release|Any CPU = Release|Any CPU
	EndGlobalSection
	GlobalSection(ProjectConfigurationPlatforms) = postSolution
		{D889F850-19A5-4BB3-8A60-C4A2C4BF21F4}.Debug|Any CPU.ActiveCfg = Debug|Any CPU
		{D889F850-19A5-4BB3-8A60-C4A2C4BF21F4}.Debug|Any CPU.Build.0 = Debug|Any CPU
		{D889F850-19A5-4BB3-8A60-C4A2C4BF21F4}.Release|Any CPU.ActiveCfg = Release|Any CPU
		{D889F850-19A5-4BB3-8A60-C4A2C4BF21F4}.Release|Any CPU.Build.0 = Release|Any CPU
		{ABE37048-538A-40A4-99F0-FEDAB5D87793}.Debug|Any CPU.ActiveCfg = Debug|Any CPU
		{ABE37048-538A-40A4-99F0-FEDAB5D87793}.Debug|Any CPU.Build.0 = Debug|Any CPU
		{ABE37048-538A-40A4-99F0-FEDAB5D87793}.Release|Any CPU.ActiveCfg = Release|Any CPU
		{ABE37048-538A-40A4-99F0-FEDAB5D87793}.Release|Any CPU.Build.0 = Release|Any CPU
		{F3E71997-BEF8-4724-97E1-C38286950725}.Debug|Any CPU.ActiveCfg = Debug|Any CPU
		{F3E71997-BEF8-4724-97E1-C38286950725}.Debug|Any CPU.Build.0 = Debug|Any CPU
		{F3E71997-BEF8-4724-97E1-C38286950725}.Release|Any CPU.ActiveCfg = Release|Any CPU
		{F3E71997-BEF8-4724-97E1-C38286950725}.Release|Any CPU.Build.0 = Release|Any CPU
		{7BAC4A8C-E920-4860-B1E4-D4525AA64314}.Debug|Any CPU.ActiveCfg = Debug|Any CPU
		{7BAC4A8C-E920-4860-B1E4-D4525AA64314}.Debug|Any CPU.Build.0 = Debug|Any CPU
		{7BAC4A8C-E920-4860-B1E4-D4525AA64314}.Release|Any CPU.ActiveCfg = Release|Any CPU
		{7BAC4A8C-E920-4860-B1E4-D4525AA64314}.Release|Any CPU.Build.0 = Release|Any CPU
		{5014F34E-B16C-4629-9608-BE440436B305}.Debug|Any CPU.ActiveCfg = Debug|Any CPU
		{5014F34E-B16C-4629-9608-BE440436B305}.Debug|Any CPU.Build.0 = Debug|Any CPU
		{5014F34E-B16C-4629-9608-BE440436B305}.Release|Any CPU.ActiveCfg = Release|Any CPU
		{5014F34E-B16C-4629-9608-BE440436B305}.Release|Any CPU.Build.0 = Release|Any CPU
		{744AA92F-008E-41FD-B562-12E1C485126B}.Debug|Any CPU.ActiveCfg = Debug|Any CPU
		{744AA92F-008E-41FD-B562-12E1C485126B}.Debug|Any CPU.Build.0 = Debug|Any CPU
		{744AA92F-008E-41FD-B562-12E1C485126B}.Release|Any CPU.ActiveCfg = Release|Any CPU
		{744AA92F-008E-41FD-B562-12E1C485126B}.Release|Any CPU.Build.0 = Release|Any CPU
		{DB93E625-5E9E-4726-8C98-A96DCAA6956A}.Debug|Any CPU.ActiveCfg = Debug|Any CPU
		{DB93E625-5E9E-4726-8C98-A96DCAA6956A}.Debug|Any CPU.Build.0 = Debug|Any CPU
		{DB93E625-5E9E-4726-8C98-A96DCAA6956A}.Release|Any CPU.ActiveCfg = Release|Any CPU
		{DB93E625-5E9E-4726-8C98-A96DCAA6956A}.Release|Any CPU.Build.0 = Release|Any CPU
		{F73C70A2-FE84-4ED4-8606-B1559FEBEE69}.Debug|Any CPU.ActiveCfg = Debug|Any CPU
		{F73C70A2-FE84-4ED4-8606-B1559FEBEE69}.Debug|Any CPU.Build.0 = Debug|Any CPU
		{F73C70A2-FE84-4ED4-8606-B1559FEBEE69}.Release|Any CPU.ActiveCfg = Release|Any CPU
		{F73C70A2-FE84-4ED4-8606-B1559FEBEE69}.Release|Any CPU.Build.0 = Release|Any CPU
	EndGlobalSection
	GlobalSection(SolutionProperties) = preSolution
		HideSolutionNode = FALSE
	EndGlobalSection
	GlobalSection(NestedProjects) = preSolution
		{7BAC4A8C-E920-4860-B1E4-D4525AA64314} = {BDBE8B1D-A745-4FCA-8B65-BE1A7A0DCE04}
		{5014F34E-B16C-4629-9608-BE440436B305} = {BDBE8B1D-A745-4FCA-8B65-BE1A7A0DCE04}
	EndGlobalSection
	GlobalSection(ExtensibilityGlobals) = postSolution
		SolutionGuid = {1FBC21EC-FAB0-4D07-A4B3-358BC0536997}
	EndGlobalSection
EndGlobal
