Microsoft Visual Studio Solution File, Format Version 12.00
# Visual Studio Version 16
VisualStudioVersion = 16.0.29519.181
MinimumVisualStudioVersion = 10.0.40219.1
Project("{FAE04EC0-301F-11D3-BF4B-00C04F79EFBC}") = "nGratis.Cop.Olympus.Demo", "Olympus.Demo\nGratis.Cop.Olympus.Demo.csproj", "{C2F58589-179C-4EA1-AC62-9F770DE0FAF7}"
EndProject
Project("{FAE04EC0-301F-11D3-BF4B-00C04F79EFBC}") = "nGratis.Cop.Olympus.Theme", "Olympus.Theme\nGratis.Cop.Olympus.Theme.csproj", "{2B8DE19C-BE3D-4516-AECB-01FC709F8ED8}"
EndProject
Project("{FAE04EC0-301F-11D3-BF4B-00C04F79EFBC}") = "nGratis.Cop.Olympus.Vision", "Olympus.Vision\nGratis.Cop.Olympus.Vision.csproj", "{5D4FFBFB-372E-4FBB-B7DC-FE3BB5A7E00F}"
EndProject
Project("{FAE04EC0-301F-11D3-BF4B-00C04F79EFBC}") = "nGratis.Cop.Olympus.Wpf", "Olympus.Wpf\nGratis.Cop.Olympus.Wpf.csproj", "{199487EB-64E4-4D48-9E9A-3AFDDDADF041}"
EndProject
Project("{2150E333-8FDC-42A3-9474-1A3956D46DE8}") = "Test", "Test", "{BDBE8B1D-A745-4FCA-8B65-BE1A7A0DCE04}"
EndProject
Project("{2150E333-8FDC-42A3-9474-1A3956D46DE8}") = "Build", "Build", "{9A82E807-F092-488D-AB1F-79D7ADE622E7}"
	ProjectSection(SolutionItems) = preProject
		..\appveyor.yml = ..\appveyor.yml
		Olympus.Shared\GlobalAssemblyInfo.tt = Olympus.Shared\GlobalAssemblyInfo.tt
		paket.dependencies = paket.dependencies
	EndProjectSection
EndProject
Project("{FAE04EC0-301F-11D3-BF4B-00C04F79EFBC}") = "nGratis.Cop.Olympus.Framework", "Olympus.Framework\nGratis.Cop.Olympus.Framework.csproj", "{B90C4C38-A600-44BB-840E-2A7D4B46618A}"
EndProject
Project("{9A19103F-16F7-4668-BE54-9A1E7A4F7556}") = "nGratis.Cop.Olympus.Contract", "Olympus.Contract\nGratis.Cop.Olympus.Contract.csproj", "{D889F850-19A5-4BB3-8A60-C4A2C4BF21F4}"
EndProject
Project("{9A19103F-16F7-4668-BE54-9A1E7A4F7556}") = "nGratis.Cop.Olympus.Framework.Support", "Olympus.Framework.Support\nGratis.Cop.Olympus.Framework.Support.csproj", "{ABE37048-538A-40A4-99F0-FEDAB5D87793}"
EndProject
Project("{9A19103F-16F7-4668-BE54-9A1E7A4F7556}") = "nGratis.Cop.Olympus.Framework.QualityAssurance", "Olympus.Framework.QualityAssurance\nGratis.Cop.Olympus.Framework.QualityAssurance.csproj", "{F3E71997-BEF8-4724-97E1-C38286950725}"
EndProject
Project("{FAE04EC0-301F-11D3-BF4B-00C04F79EFBC}") = "nGratis.Cop.Olympus.Contract.Test", "Olympus.Contract.Test\nGratis.Cop.Olympus.Contract.Test.csproj", "{54CA06A5-DA35-4529-B9AE-E40C619417A2}"
EndProject
Project("{FAE04EC0-301F-11D3-BF4B-00C04F79EFBC}") = "nGratis.Cop.Olympus.Framework.Test", "Olympus.Framework.Test\nGratis.Cop.Olympus.Framework.Test.csproj", "{D8004CFA-3F80-47B1-A35A-230CE3CB6A7B}"
EndProject
Project("{FAE04EC0-301F-11D3-BF4B-00C04F79EFBC}") = "nGratis.Cop.Olympus.Vision.Test", "Olympus.Vision.Test\nGratis.Cop.Olympus.Vision.Test.csproj", "{F40704BC-4DFC-43C3-85E8-120D0B30B43B}"
EndProject
Global
	GlobalSection(SolutionConfigurationPlatforms) = preSolution
		Debug|Any CPU = Debug|Any CPU
		Release|Any CPU = Release|Any CPU
	EndGlobalSection
	GlobalSection(ProjectConfigurationPlatforms) = postSolution
		{C2F58589-179C-4EA1-AC62-9F770DE0FAF7}.Debug|Any CPU.ActiveCfg = Debug|Any CPU
		{C2F58589-179C-4EA1-AC62-9F770DE0FAF7}.Debug|Any CPU.Build.0 = Debug|Any CPU
		{C2F58589-179C-4EA1-AC62-9F770DE0FAF7}.Release|Any CPU.ActiveCfg = Release|Any CPU
		{C2F58589-179C-4EA1-AC62-9F770DE0FAF7}.Release|Any CPU.Build.0 = Release|Any CPU
		{2B8DE19C-BE3D-4516-AECB-01FC709F8ED8}.Debug|Any CPU.ActiveCfg = Debug|Any CPU
		{2B8DE19C-BE3D-4516-AECB-01FC709F8ED8}.Debug|Any CPU.Build.0 = Debug|Any CPU
		{2B8DE19C-BE3D-4516-AECB-01FC709F8ED8}.Release|Any CPU.ActiveCfg = Release|Any CPU
		{2B8DE19C-BE3D-4516-AECB-01FC709F8ED8}.Release|Any CPU.Build.0 = Release|Any CPU
		{5D4FFBFB-372E-4FBB-B7DC-FE3BB5A7E00F}.Debug|Any CPU.ActiveCfg = Debug|Any CPU
		{5D4FFBFB-372E-4FBB-B7DC-FE3BB5A7E00F}.Debug|Any CPU.Build.0 = Debug|Any CPU
		{5D4FFBFB-372E-4FBB-B7DC-FE3BB5A7E00F}.Release|Any CPU.ActiveCfg = Release|Any CPU
		{5D4FFBFB-372E-4FBB-B7DC-FE3BB5A7E00F}.Release|Any CPU.Build.0 = Release|Any CPU
		{199487EB-64E4-4D48-9E9A-3AFDDDADF041}.Debug|Any CPU.ActiveCfg = Debug|Any CPU
		{199487EB-64E4-4D48-9E9A-3AFDDDADF041}.Debug|Any CPU.Build.0 = Debug|Any CPU
		{199487EB-64E4-4D48-9E9A-3AFDDDADF041}.Release|Any CPU.ActiveCfg = Release|Any CPU
		{199487EB-64E4-4D48-9E9A-3AFDDDADF041}.Release|Any CPU.Build.0 = Release|Any CPU
		{B90C4C38-A600-44BB-840E-2A7D4B46618A}.Debug|Any CPU.ActiveCfg = Debug|Any CPU
		{B90C4C38-A600-44BB-840E-2A7D4B46618A}.Debug|Any CPU.Build.0 = Debug|Any CPU
		{B90C4C38-A600-44BB-840E-2A7D4B46618A}.Release|Any CPU.ActiveCfg = Release|Any CPU
		{B90C4C38-A600-44BB-840E-2A7D4B46618A}.Release|Any CPU.Build.0 = Release|Any CPU
		{D889F850-19A5-4BB3-8A60-C4A2C4BF21F4}.Debug|Any CPU.ActiveCfg = Debug|Any CPU
		{D889F850-19A5-4BB3-8A60-C4A2C4BF21F4}.Debug|Any CPU.Build.0 = Debug|Any CPU
		{D889F850-19A5-4BB3-8A60-C4A2C4BF21F4}.Release|Any CPU.ActiveCfg = Release|Any CPU
		{D889F850-19A5-4BB3-8A60-C4A2C4BF21F4}.Release|Any CPU.Build.0 = Release|Any CPU
		{ABE37048-538A-40A4-99F0-FEDAB5D87793}.Debug|Any CPU.ActiveCfg = Debug|Any CPU
		{ABE37048-538A-40A4-99F0-FEDAB5D87793}.Debug|Any CPU.Build.0 = Debug|Any CPU
		{ABE37048-538A-40A4-99F0-FEDAB5D87793}.Release|Any CPU.ActiveCfg = Release|Any CPU
		{ABE37048-538A-40A4-99F0-FEDAB5D87793}.Release|Any CPU.Build.0 = Release|Any CPU
		{F3E71997-BEF8-4724-97E1-C38286950725}.Debug|Any CPU.ActiveCfg = Debug|Any CPU
		{F3E71997-BEF8-4724-97E1-C38286950725}.Debug|Any CPU.Build.0 = Debug|Any CPU
		{F3E71997-BEF8-4724-97E1-C38286950725}.Release|Any CPU.ActiveCfg = Release|Any CPU
		{F3E71997-BEF8-4724-97E1-C38286950725}.Release|Any CPU.Build.0 = Release|Any CPU
		{54CA06A5-DA35-4529-B9AE-E40C619417A2}.Debug|Any CPU.ActiveCfg = Debug|Any CPU
		{54CA06A5-DA35-4529-B9AE-E40C619417A2}.Debug|Any CPU.Build.0 = Debug|Any CPU
		{54CA06A5-DA35-4529-B9AE-E40C619417A2}.Release|Any CPU.ActiveCfg = Release|Any CPU
		{54CA06A5-DA35-4529-B9AE-E40C619417A2}.Release|Any CPU.Build.0 = Release|Any CPU
		{D8004CFA-3F80-47B1-A35A-230CE3CB6A7B}.Debug|Any CPU.ActiveCfg = Debug|Any CPU
		{D8004CFA-3F80-47B1-A35A-230CE3CB6A7B}.Debug|Any CPU.Build.0 = Debug|Any CPU
		{D8004CFA-3F80-47B1-A35A-230CE3CB6A7B}.Release|Any CPU.ActiveCfg = Release|Any CPU
		{D8004CFA-3F80-47B1-A35A-230CE3CB6A7B}.Release|Any CPU.Build.0 = Release|Any CPU
		{F40704BC-4DFC-43C3-85E8-120D0B30B43B}.Debug|Any CPU.ActiveCfg = Debug|Any CPU
		{F40704BC-4DFC-43C3-85E8-120D0B30B43B}.Debug|Any CPU.Build.0 = Debug|Any CPU
		{F40704BC-4DFC-43C3-85E8-120D0B30B43B}.Release|Any CPU.ActiveCfg = Release|Any CPU
		{F40704BC-4DFC-43C3-85E8-120D0B30B43B}.Release|Any CPU.Build.0 = Release|Any CPU
	EndGlobalSection
	GlobalSection(SolutionProperties) = preSolution
		HideSolutionNode = FALSE
	EndGlobalSection
	GlobalSection(NestedProjects) = preSolution
		{54CA06A5-DA35-4529-B9AE-E40C619417A2} = {BDBE8B1D-A745-4FCA-8B65-BE1A7A0DCE04}
		{D8004CFA-3F80-47B1-A35A-230CE3CB6A7B} = {BDBE8B1D-A745-4FCA-8B65-BE1A7A0DCE04}
		{F40704BC-4DFC-43C3-85E8-120D0B30B43B} = {BDBE8B1D-A745-4FCA-8B65-BE1A7A0DCE04}
	EndGlobalSection
	GlobalSection(ExtensibilityGlobals) = postSolution
		SolutionGuid = {1FBC21EC-FAB0-4D07-A4B3-358BC0536997}
	EndGlobalSection
EndGlobal
